{
  "object": {
    "pins": [
      {
        "package": "swift-argument-parser",
        "repositoryURL": "https://github.com/apple/swift-argument-parser",
        "state": {
          "branch": null,
          "revision": "223d62adc52d51669ae2ee19bdb8b7d9fd6fcd9c",
          "version": "0.0.6"
        }
      },
      {
        "package": "SwiftyTerminalColors",
        "repositoryURL": "https://github.com/OberstKrueger/SwiftyTerminalColors",
        "state": {
          "branch": null,
          "revision": "446a7f35f94a4b2d867f4a70b42779b0baa5fe67",
          "version": "0.1.0"
        }
      }
    ]
  },
  "version": 1
}
