{
  "object": {
    "pins": [
      {
        "package": "swift-argument-parser",
        "repositoryURL": "https://github.com/apple/swift-argument-parser",
        "state": {
          "branch": null,
          "revision": "15351c1cd009eba0b6e438bfef55ea9847a8dc4a",
          "version": "0.3.0"
        }
      },
      {
        "package": "SwiftyTerminalColors",
        "repositoryURL": "https://github.com/OberstKrueger/SwiftyTerminalColors",
        "state": {
          "branch": null,
          "revision": "fb8bd1573fb8e7a02d8aea1b4008eb9743008f1c",
          "version": "0.1.0"
        }
      }
    ]
  },
  "version": 1
}
