{
  "object": {
    "pins": [
      {
        "package": "swift-argument-parser",
        "repositoryURL": "https://github.com/apple/swift-argument-parser",
        "state": {
          "branch": null,
          "revision": "eb51f949cdd0c9d88abba9ce79d37eb7ea1231d0",
          "version": "0.2.0"
        }
      },
      {
        "package": "SwiftyTerminalColors",
        "repositoryURL": "https://github.com/OberstKrueger/SwiftyTerminalColors",
        "state": {
          "branch": null,
          "revision": "fb8bd1573fb8e7a02d8aea1b4008eb9743008f1c",
          "version": "0.1.0"
        }
      }
    ]
  },
  "version": 1
}
